
Microsoft Visual Studio Solution File, Format Version 12.00
# Visual Studio Version 17
VisualStudioVersion = 17.11.35219.272
MinimumVisualStudioVersion = 10.0.40219.1
Project("{FAE04EC0-301F-11D3-BF4B-00C04F79EFBC}") = "Uppgift_2_3", "Uppgift_2_3\Uppgift_2_3.csproj", "{0C2EB6D2-E220-4719-B8B1-A5A9D9699323}"
EndProject
Global
	GlobalSection(SolutionConfigurationPlatforms) = preSolution
		Debug|Any CPU = Debug|Any CPU
		Release|Any CPU = Release|Any CPU
	EndGlobalSection
	GlobalSection(ProjectConfigurationPlatforms) = postSolution
		{0C2EB6D2-E220-4719-B8B1-A5A9D9699323}.Debug|Any CPU.ActiveCfg = Debug|Any CPU
		{0C2EB6D2-E220-4719-B8B1-A5A9D9699323}.Debug|Any CPU.Build.0 = Debug|Any CPU
		{0C2EB6D2-E220-4719-B8B1-A5A9D9699323}.Release|Any CPU.ActiveCfg = Release|Any CPU
		{0C2EB6D2-E220-4719-B8B1-A5A9D9699323}.Release|Any CPU.Build.0 = Release|Any CPU
	EndGlobalSection
	GlobalSection(SolutionProperties) = preSolution
		HideSolutionNode = FALSE
	EndGlobalSection
	GlobalSection(ExtensibilityGlobals) = postSolution
		SolutionGuid = {2A74DE94-7944-4097-9F07-835706D78956}
	EndGlobalSection
EndGlobal
